
Microsoft Visual Studio Solution File, Format Version 12.00
# Visual Studio 14
VisualStudioVersion = 14.0.25123.0
MinimumVisualStudioVersion = 10.0.40219.1
Project("{FAE04EC0-301F-11D3-BF4B-00C04F79EFBC}") = "COMP123-S2016-Lesson2", "COMP123-S2016-Lesson2\COMP123-S2016-Lesson2.csproj", "{18090C3E-0A2B-4312-AB3B-FD7680103E5D}"
EndProject
Project("{FAE04EC0-301F-11D3-BF4B-00C04F79EFBC}") = "UnitTestForLession2", "UnitTestForLession2\UnitTestForLession2.csproj", "{50FB9F3E-8CA2-4F8D-8148-5B201B69D0B0}"
EndProject
Global
	GlobalSection(SolutionConfigurationPlatforms) = preSolution
		Debug|Any CPU = Debug|Any CPU
		Release|Any CPU = Release|Any CPU
	EndGlobalSection
	GlobalSection(ProjectConfigurationPlatforms) = postSolution
		{18090C3E-0A2B-4312-AB3B-FD7680103E5D}.Debug|Any CPU.ActiveCfg = Debug|Any CPU
		{18090C3E-0A2B-4312-AB3B-FD7680103E5D}.Debug|Any CPU.Build.0 = Debug|Any CPU
		{18090C3E-0A2B-4312-AB3B-FD7680103E5D}.Release|Any CPU.ActiveCfg = Release|Any CPU
		{18090C3E-0A2B-4312-AB3B-FD7680103E5D}.Release|Any CPU.Build.0 = Release|Any CPU
		{50FB9F3E-8CA2-4F8D-8148-5B201B69D0B0}.Debug|Any CPU.ActiveCfg = Debug|Any CPU
		{50FB9F3E-8CA2-4F8D-8148-5B201B69D0B0}.Debug|Any CPU.Build.0 = Debug|Any CPU
		{50FB9F3E-8CA2-4F8D-8148-5B201B69D0B0}.Release|Any CPU.ActiveCfg = Release|Any CPU
		{50FB9F3E-8CA2-4F8D-8148-5B201B69D0B0}.Release|Any CPU.Build.0 = Release|Any CPU
	EndGlobalSection
	GlobalSection(SolutionProperties) = preSolution
		HideSolutionNode = FALSE
	EndGlobalSection
EndGlobal
